
Microsoft Visual Studio Solution File, Format Version 12.00
# Visual Studio Version 17
VisualStudioVersion = 17.8.34408.163
MinimumVisualStudioVersion = 10.0.40219.1
Project("{FAE04EC0-301F-11D3-BF4B-00C04F79EFBC}") = "Lab3(Q1)", "Lab3(Q1)\Lab3(Q1).csproj", "{E462E182-D454-44CC-8B4C-C98F24DDE323}"
EndProject
Global
	GlobalSection(SolutionConfigurationPlatforms) = preSolution
		Debug|Any CPU = Debug|Any CPU
		Release|Any CPU = Release|Any CPU
	EndGlobalSection
	GlobalSection(ProjectConfigurationPlatforms) = postSolution
		{E462E182-D454-44CC-8B4C-C98F24DDE323}.Debug|Any CPU.ActiveCfg = Debug|Any CPU
		{E462E182-D454-44CC-8B4C-C98F24DDE323}.Debug|Any CPU.Build.0 = Debug|Any CPU
		{E462E182-D454-44CC-8B4C-C98F24DDE323}.Release|Any CPU.ActiveCfg = Release|Any CPU
		{E462E182-D454-44CC-8B4C-C98F24DDE323}.Release|Any CPU.Build.0 = Release|Any CPU
	EndGlobalSection
	GlobalSection(SolutionProperties) = preSolution
		HideSolutionNode = FALSE
	EndGlobalSection
	GlobalSection(ExtensibilityGlobals) = postSolution
		SolutionGuid = {EE8C28A7-EC02-4BC9-B01B-8D604690CA55}
	EndGlobalSection
EndGlobal
